
Microsoft Visual Studio Solution File, Format Version 11.00
# Visual Studio 2010
Project("{2150E333-8FDC-42A3-9474-1A3956D46DE8}") = "抽象类练习", "抽象类练习", "{E973D851-E1F9-472F-874A-96C3995E6458}"
EndProject
Project("{FAE04EC0-301F-11D3-BF4B-00C04F79EFBC}") = "01访问修饰符", "01访问修饰符\01访问修饰符.csproj", "{27061D83-4A5F-49B6-9167-B1E24FB54138}"
EndProject
Project("{FAE04EC0-301F-11D3-BF4B-00C04F79EFBC}") = "02Test", "02Test\02Test.csproj", "{5A850427-5899-4B23-9E97-871C276AD1DF}"
EndProject
Project("{FAE04EC0-301F-11D3-BF4B-00C04F79EFBC}") = "02访问级别约束问题", "02访问级别约束问题\02访问级别约束问题.csproj", "{13247956-3842-4402-93A6-CC969CCAB299}"
EndProject
Project("{FAE04EC0-301F-11D3-BF4B-00C04F79EFBC}") = "03多态", "03多态\03多态.csproj", "{67D786BB-5961-40DF-B879-30D5FCF2EBB6}"
EndProject
Project("{FAE04EC0-301F-11D3-BF4B-00C04F79EFBC}") = "04虚方法练习", "04虚方法练习\04虚方法练习.csproj", "{8F548ACD-4330-40E7-98C8-A8943780514A}"
EndProject
Project("{FAE04EC0-301F-11D3-BF4B-00C04F79EFBC}") = "05虚方法练习", "05虚方法练习\05虚方法练习.csproj", "{F63A182D-CEDA-4372-944E-1A395BBBDCEE}"
EndProject
Project("{FAE04EC0-301F-11D3-BF4B-00C04F79EFBC}") = "06静态成员静态类", "06静态成员静态类\06静态成员静态类.csproj", "{625D7B71-BF6D-4EEF-B993-4E3E60AAFD7A}"
EndProject
Project("{FAE04EC0-301F-11D3-BF4B-00C04F79EFBC}") = "07多态2", "07多态2\07多态2.csproj", "{CED61BDD-E0D2-4C25-9862-F11EE21A73C1}"
EndProject
Project("{FAE04EC0-301F-11D3-BF4B-00C04F79EFBC}") = "08里氏替换类型转换", "08里氏替换类型转换\08里氏替换类型转换.csproj", "{49804E1E-F386-4E2F-B1CB-38D0486A020B}"
EndProject
Project("{FAE04EC0-301F-11D3-BF4B-00C04F79EFBC}") = "09通过抽象方法实现多态abstract", "09通过抽象方法实现多态abstract\09通过抽象方法实现多态abstract.csproj", "{D020D863-82EB-4251-A7E8-D47B9457B0D9}"
EndProject
Project("{FAE04EC0-301F-11D3-BF4B-00C04F79EFBC}") = "10抽象方法练习", "10抽象方法练习\10抽象方法练习.csproj", "{2A47F47F-370E-4BE7-A7CD-485C341C5AA7}"
EndProject
Project("{FAE04EC0-301F-11D3-BF4B-00C04F79EFBC}") = "11Test抽象类练习", "11Test抽象类练习\11Test抽象类练习.csproj", "{F9274FA5-30A5-4AF3-821D-36FBF773D93C}"
EndProject
Project("{FAE04EC0-301F-11D3-BF4B-00C04F79EFBC}") = "TestDll", "TestDll\TestDll.csproj", "{572E95F9-427A-40D0-99AD-3D6903140469}"
EndProject
Project("{FAE04EC0-301F-11D3-BF4B-00C04F79EFBC}") = "NewDevice", "NewDevice\NewDevice.csproj", "{B2D7F49B-EE80-46D7-900F-083911A3CA46}"
EndProject
Project("{FAE04EC0-301F-11D3-BF4B-00C04F79EFBC}") = "11aaa", "11aaa\11aaa.csproj", "{79A28823-89D3-4C85-A4D0-E45FFE2E8891}"
EndProject
Global
	GlobalSection(SolutionConfigurationPlatforms) = preSolution
		Debug|Any CPU = Debug|Any CPU
		Release|Any CPU = Release|Any CPU
	EndGlobalSection
	GlobalSection(ProjectConfigurationPlatforms) = postSolution
		{27061D83-4A5F-49B6-9167-B1E24FB54138}.Debug|Any CPU.ActiveCfg = Debug|Any CPU
		{27061D83-4A5F-49B6-9167-B1E24FB54138}.Debug|Any CPU.Build.0 = Debug|Any CPU
		{27061D83-4A5F-49B6-9167-B1E24FB54138}.Release|Any CPU.ActiveCfg = Release|Any CPU
		{27061D83-4A5F-49B6-9167-B1E24FB54138}.Release|Any CPU.Build.0 = Release|Any CPU
		{5A850427-5899-4B23-9E97-871C276AD1DF}.Debug|Any CPU.ActiveCfg = Debug|Any CPU
		{5A850427-5899-4B23-9E97-871C276AD1DF}.Debug|Any CPU.Build.0 = Debug|Any CPU
		{5A850427-5899-4B23-9E97-871C276AD1DF}.Release|Any CPU.ActiveCfg = Release|Any CPU
		{5A850427-5899-4B23-9E97-871C276AD1DF}.Release|Any CPU.Build.0 = Release|Any CPU
		{13247956-3842-4402-93A6-CC969CCAB299}.Debug|Any CPU.ActiveCfg = Debug|Any CPU
		{13247956-3842-4402-93A6-CC969CCAB299}.Debug|Any CPU.Build.0 = Debug|Any CPU
		{13247956-3842-4402-93A6-CC969CCAB299}.Release|Any CPU.ActiveCfg = Release|Any CPU
		{13247956-3842-4402-93A6-CC969CCAB299}.Release|Any CPU.Build.0 = Release|Any CPU
		{67D786BB-5961-40DF-B879-30D5FCF2EBB6}.Debug|Any CPU.ActiveCfg = Debug|Any CPU
		{67D786BB-5961-40DF-B879-30D5FCF2EBB6}.Debug|Any CPU.Build.0 = Debug|Any CPU
		{67D786BB-5961-40DF-B879-30D5FCF2EBB6}.Release|Any CPU.ActiveCfg = Release|Any CPU
		{67D786BB-5961-40DF-B879-30D5FCF2EBB6}.Release|Any CPU.Build.0 = Release|Any CPU
		{8F548ACD-4330-40E7-98C8-A8943780514A}.Debug|Any CPU.ActiveCfg = Debug|Any CPU
		{8F548ACD-4330-40E7-98C8-A8943780514A}.Debug|Any CPU.Build.0 = Debug|Any CPU
		{8F548ACD-4330-40E7-98C8-A8943780514A}.Release|Any CPU.ActiveCfg = Release|Any CPU
		{8F548ACD-4330-40E7-98C8-A8943780514A}.Release|Any CPU.Build.0 = Release|Any CPU
		{F63A182D-CEDA-4372-944E-1A395BBBDCEE}.Debug|Any CPU.ActiveCfg = Debug|Any CPU
		{F63A182D-CEDA-4372-944E-1A395BBBDCEE}.Debug|Any CPU.Build.0 = Debug|Any CPU
		{F63A182D-CEDA-4372-944E-1A395BBBDCEE}.Release|Any CPU.ActiveCfg = Release|Any CPU
		{F63A182D-CEDA-4372-944E-1A395BBBDCEE}.Release|Any CPU.Build.0 = Release|Any CPU
		{625D7B71-BF6D-4EEF-B993-4E3E60AAFD7A}.Debug|Any CPU.ActiveCfg = Debug|Any CPU
		{625D7B71-BF6D-4EEF-B993-4E3E60AAFD7A}.Debug|Any CPU.Build.0 = Debug|Any CPU
		{625D7B71-BF6D-4EEF-B993-4E3E60AAFD7A}.Release|Any CPU.ActiveCfg = Release|Any CPU
		{625D7B71-BF6D-4EEF-B993-4E3E60AAFD7A}.Release|Any CPU.Build.0 = Release|Any CPU
		{CED61BDD-E0D2-4C25-9862-F11EE21A73C1}.Debug|Any CPU.ActiveCfg = Debug|Any CPU
		{CED61BDD-E0D2-4C25-9862-F11EE21A73C1}.Debug|Any CPU.Build.0 = Debug|Any CPU
		{CED61BDD-E0D2-4C25-9862-F11EE21A73C1}.Release|Any CPU.ActiveCfg = Release|Any CPU
		{CED61BDD-E0D2-4C25-9862-F11EE21A73C1}.Release|Any CPU.Build.0 = Release|Any CPU
		{49804E1E-F386-4E2F-B1CB-38D0486A020B}.Debug|Any CPU.ActiveCfg = Debug|Any CPU
		{49804E1E-F386-4E2F-B1CB-38D0486A020B}.Debug|Any CPU.Build.0 = Debug|Any CPU
		{49804E1E-F386-4E2F-B1CB-38D0486A020B}.Release|Any CPU.ActiveCfg = Release|Any CPU
		{49804E1E-F386-4E2F-B1CB-38D0486A020B}.Release|Any CPU.Build.0 = Release|Any CPU
		{D020D863-82EB-4251-A7E8-D47B9457B0D9}.Debug|Any CPU.ActiveCfg = Debug|Any CPU
		{D020D863-82EB-4251-A7E8-D47B9457B0D9}.Debug|Any CPU.Build.0 = Debug|Any CPU
		{D020D863-82EB-4251-A7E8-D47B9457B0D9}.Release|Any CPU.ActiveCfg = Release|Any CPU
		{D020D863-82EB-4251-A7E8-D47B9457B0D9}.Release|Any CPU.Build.0 = Release|Any CPU
		{2A47F47F-370E-4BE7-A7CD-485C341C5AA7}.Debug|Any CPU.ActiveCfg = Debug|Any CPU
		{2A47F47F-370E-4BE7-A7CD-485C341C5AA7}.Debug|Any CPU.Build.0 = Debug|Any CPU
		{2A47F47F-370E-4BE7-A7CD-485C341C5AA7}.Release|Any CPU.ActiveCfg = Release|Any CPU
		{2A47F47F-370E-4BE7-A7CD-485C341C5AA7}.Release|Any CPU.Build.0 = Release|Any CPU
		{F9274FA5-30A5-4AF3-821D-36FBF773D93C}.Debug|Any CPU.ActiveCfg = Debug|Any CPU
		{F9274FA5-30A5-4AF3-821D-36FBF773D93C}.Debug|Any CPU.Build.0 = Debug|Any CPU
		{F9274FA5-30A5-4AF3-821D-36FBF773D93C}.Release|Any CPU.ActiveCfg = Release|Any CPU
		{F9274FA5-30A5-4AF3-821D-36FBF773D93C}.Release|Any CPU.Build.0 = Release|Any CPU
		{572E95F9-427A-40D0-99AD-3D6903140469}.Debug|Any CPU.ActiveCfg = Debug|Any CPU
		{572E95F9-427A-40D0-99AD-3D6903140469}.Debug|Any CPU.Build.0 = Debug|Any CPU
		{572E95F9-427A-40D0-99AD-3D6903140469}.Release|Any CPU.ActiveCfg = Release|Any CPU
		{572E95F9-427A-40D0-99AD-3D6903140469}.Release|Any CPU.Build.0 = Release|Any CPU
		{B2D7F49B-EE80-46D7-900F-083911A3CA46}.Debug|Any CPU.ActiveCfg = Debug|Any CPU
		{B2D7F49B-EE80-46D7-900F-083911A3CA46}.Debug|Any CPU.Build.0 = Debug|Any CPU
		{B2D7F49B-EE80-46D7-900F-083911A3CA46}.Release|Any CPU.ActiveCfg = Release|Any CPU
		{B2D7F49B-EE80-46D7-900F-083911A3CA46}.Release|Any CPU.Build.0 = Release|Any CPU
		{79A28823-89D3-4C85-A4D0-E45FFE2E8891}.Debug|Any CPU.ActiveCfg = Debug|Any CPU
		{79A28823-89D3-4C85-A4D0-E45FFE2E8891}.Debug|Any CPU.Build.0 = Debug|Any CPU
		{79A28823-89D3-4C85-A4D0-E45FFE2E8891}.Release|Any CPU.ActiveCfg = Release|Any CPU
		{79A28823-89D3-4C85-A4D0-E45FFE2E8891}.Release|Any CPU.Build.0 = Release|Any CPU
	EndGlobalSection
	GlobalSection(SolutionProperties) = preSolution
		HideSolutionNode = FALSE
	EndGlobalSection
	GlobalSection(NestedProjects) = preSolution
		{F9274FA5-30A5-4AF3-821D-36FBF773D93C} = {E973D851-E1F9-472F-874A-96C3995E6458}
		{572E95F9-427A-40D0-99AD-3D6903140469} = {E973D851-E1F9-472F-874A-96C3995E6458}
		{B2D7F49B-EE80-46D7-900F-083911A3CA46} = {E973D851-E1F9-472F-874A-96C3995E6458}
	EndGlobalSection
EndGlobal
